
Microsoft Visual Studio Solution File, Format Version 12.00
# Visual Studio Version 17
VisualStudioVersion = 17.11.35327.3
MinimumVisualStudioVersion = 10.0.40219.1
Project("{FAE04EC0-301F-11D3-BF4B-00C04F79EFBC}") = "ValidataGroup", "ValidataGroup\ValidataGroup.csproj", "{6440420E-F757-4087-B3C6-5F971384D813}"
EndProject
Project("{FAE04EC0-301F-11D3-BF4B-00C04F79EFBC}") = "Application", "Application\Application.csproj", "{9FB2F38F-9B52-431A-BF8A-C8D52893AACB}"
EndProject
Project("{FAE04EC0-301F-11D3-BF4B-00C04F79EFBC}") = "Domain", "Domain\Domain.csproj", "{D1015823-9016-4918-B18A-3A6D0FA9E241}"
EndProject
Project("{FAE04EC0-301F-11D3-BF4B-00C04F79EFBC}") = "Infrastructure", "Infrastructure\Infrastructure.csproj", "{5649EDE4-7A72-4BFC-B76D-BD2CB7AFDDCD}"
EndProject
Project("{FAE04EC0-301F-11D3-BF4B-00C04F79EFBC}") = "Tests", "Tests\Tests.csproj", "{7C3B7631-957F-4169-9EBC-1E054D9A73F1}"
EndProject
Global
	GlobalSection(SolutionConfigurationPlatforms) = preSolution
		Debug|Any CPU = Debug|Any CPU
		Release|Any CPU = Release|Any CPU
	EndGlobalSection
	GlobalSection(ProjectConfigurationPlatforms) = postSolution
		{6440420E-F757-4087-B3C6-5F971384D813}.Debug|Any CPU.ActiveCfg = Debug|Any CPU
		{6440420E-F757-4087-B3C6-5F971384D813}.Debug|Any CPU.Build.0 = Debug|Any CPU
		{6440420E-F757-4087-B3C6-5F971384D813}.Release|Any CPU.ActiveCfg = Release|Any CPU
		{6440420E-F757-4087-B3C6-5F971384D813}.Release|Any CPU.Build.0 = Release|Any CPU
		{9FB2F38F-9B52-431A-BF8A-C8D52893AACB}.Debug|Any CPU.ActiveCfg = Debug|Any CPU
		{9FB2F38F-9B52-431A-BF8A-C8D52893AACB}.Debug|Any CPU.Build.0 = Debug|Any CPU
		{9FB2F38F-9B52-431A-BF8A-C8D52893AACB}.Release|Any CPU.ActiveCfg = Release|Any CPU
		{9FB2F38F-9B52-431A-BF8A-C8D52893AACB}.Release|Any CPU.Build.0 = Release|Any CPU
		{D1015823-9016-4918-B18A-3A6D0FA9E241}.Debug|Any CPU.ActiveCfg = Debug|Any CPU
		{D1015823-9016-4918-B18A-3A6D0FA9E241}.Debug|Any CPU.Build.0 = Debug|Any CPU
		{D1015823-9016-4918-B18A-3A6D0FA9E241}.Release|Any CPU.ActiveCfg = Release|Any CPU
		{D1015823-9016-4918-B18A-3A6D0FA9E241}.Release|Any CPU.Build.0 = Release|Any CPU
		{5649EDE4-7A72-4BFC-B76D-BD2CB7AFDDCD}.Debug|Any CPU.ActiveCfg = Debug|Any CPU
		{5649EDE4-7A72-4BFC-B76D-BD2CB7AFDDCD}.Debug|Any CPU.Build.0 = Debug|Any CPU
		{5649EDE4-7A72-4BFC-B76D-BD2CB7AFDDCD}.Release|Any CPU.ActiveCfg = Release|Any CPU
		{5649EDE4-7A72-4BFC-B76D-BD2CB7AFDDCD}.Release|Any CPU.Build.0 = Release|Any CPU
		{7C3B7631-957F-4169-9EBC-1E054D9A73F1}.Debug|Any CPU.ActiveCfg = Debug|Any CPU
		{7C3B7631-957F-4169-9EBC-1E054D9A73F1}.Debug|Any CPU.Build.0 = Debug|Any CPU
		{7C3B7631-957F-4169-9EBC-1E054D9A73F1}.Release|Any CPU.ActiveCfg = Release|Any CPU
		{7C3B7631-957F-4169-9EBC-1E054D9A73F1}.Release|Any CPU.Build.0 = Release|Any CPU
	EndGlobalSection
	GlobalSection(SolutionProperties) = preSolution
		HideSolutionNode = FALSE
	EndGlobalSection
	GlobalSection(ExtensibilityGlobals) = postSolution
		SolutionGuid = {7075CAA0-65D3-4DB7-BA81-A6F526CFE569}
	EndGlobalSection
EndGlobal
